# This file was autogenerated by uv via the following command:
#    uv pip compile requirements/cu121.in -o requirements/cu121.lock --emit-index-url
--index-url https://pypi.org/simple
--extra-index-url https://download.pytorch.org/whl/cu121

absl-py==2.1.0
    # via tensorboard
addict==2.4.0
    # via
    #   -r requirements/base.in
    #   open3d
alabaster==0.7.16
    # via sphinx
antlr4-python3-runtime==4.9.3
    # via omegaconf
anyio==4.4.0
    # via httpx
asttokens==2.4.1
    # via stack-data
attrs==23.2.0
    # via
    #   jsonschema
    #   outcome
    #   referencing
    #   trio
babel==2.15.0
    # via sphinx
beautifulsoup4==4.12.3
    # via -r requirements/base.in
blinker==1.8.2
    # via flask
bokeh==3.4.1
    # via -r requirements/base.in
bop-toolkit-lib @ git+https://github.com/agimus-project/bop_toolkit@53b6e2e335c4e6aa76e5db34e809506ee3f4cf16
    # via -r requirements/base.in
braceexpand==0.1.7
    # via webdataset
certifi==2022.12.7
    # via
    #   httpcore
    #   httpx
    #   requests
    #   selenium
cfgv==3.4.0
    # via pre-commit
charset-normalizer==2.1.1
    # via requests
click==8.1.7
    # via flask
cmeel==0.53.3
    # via
    #   cmeel-assimp
    #   cmeel-boost
    #   cmeel-console-bridge
    #   cmeel-octomap
    #   cmeel-qhull
    #   cmeel-teaser-plusplus
    #   cmeel-tinyxml
    #   cmeel-urdfdom
    #   eigenpy
    #   hpp-fcl
    #   pin
cmeel-assimp==5.3.1
    # via hpp-fcl
cmeel-boost==1.83.0
    # via
    #   eigenpy
    #   hpp-fcl
    #   pin
cmeel-console-bridge==1.0.2.2
    # via cmeel-urdfdom
cmeel-octomap==1.9.8.2
    # via hpp-fcl
cmeel-qhull==8.0.2.1
    # via hpp-fcl
cmeel-teaser-plusplus==2.0
    # via -r requirements/base.in
cmeel-tinyxml==2.6.2.3
    # via cmeel-urdfdom
cmeel-urdfdom==3.1.1.1
    # via pin
comm==0.2.2
    # via ipywidgets
configargparse==1.7
    # via open3d
contourpy==1.2.1
    # via
    #   bokeh
    #   matplotlib
./happypose/pose_estimators/cosypose
    # via -r requirements/base.in
coverage==7.5.3
    # via -r requirements/base.in
cycler==0.12.1
    # via matplotlib
cython==3.0.10
    # via bop-toolkit-lib
dash==2.17.1
    # via open3d
dash-core-components==2.0.0
    # via dash
dash-html-components==2.0.0
    # via dash
dash-table==5.0.0
    # via dash
decorator==5.1.1
    # via ipython
distlib==0.3.8
    # via virtualenv
docutils==0.21.2
    # via
    #   myst-parser
    #   sphinx
eigenpy==3.5.1
    # via hpp-fcl
exceptiongroup==1.2.1
    # via
    #   anyio
    #   ipython
    #   pytest
    #   trio
    #   trio-websocket
executing==2.0.1
    # via stack-data
fastjsonschema==2.20.0
    # via nbformat
filelock==3.13.1
    # via
    #   torch
    #   triton
    #   virtualenv
flask==3.0.3
    # via dash
fonttools==4.53.0
    # via matplotlib
freetype-py==2.4.0
    # via vispy
fsspec==2024.2.0
    # via
    #   torch
    #   torchtnt
grpcio==1.64.1
    # via tensorboard
h11==0.14.0
    # via
    #   httpcore
    #   wsproto
.
    # via -r requirements/base.in
hpp-fcl==2.4.4
    # via pin
hsluv==5.0.4
    # via vispy
httpcore==1.0.5
    # via httpx
httpx==0.27.0
    # via -r requirements/base.in
identify==2.5.36
    # via pre-commit
idna==3.4
    # via
    #   anyio
    #   httpx
    #   requests
    #   trio
imageio==2.34.1
    # via
    #   -r requirements/base.in
    #   scikit-image
imagesize==1.4.1
    # via sphinx
importlib-metadata==7.1.0
    # via dash
iniconfig==2.0.0
    # via pytest
ipython==8.25.0
    # via
    #   -r requirements/base.in
    #   ipywidgets
    #   meshcat
ipywidgets==8.1.3
    # via open3d
itsdangerous==2.2.0
    # via flask
jedi==0.19.1
    # via ipython
jinja2==3.1.3
    # via
    #   bokeh
    #   flask
    #   myst-parser
    #   sphinx
    #   torch
joblib==1.4.2
    # via
    #   -r requirements/base.in
    #   scikit-learn
jsonpatch==1.33
    # via visdom
jsonpointer==3.0.0
    # via jsonpatch
jsonschema==4.22.0
    # via nbformat
jsonschema-specifications==2023.12.1
    # via jsonschema
jupyter-core==5.7.2
    # via nbformat
jupyterlab-widgets==3.0.11
    # via ipywidgets
kiwisolver==1.4.5
    # via
    #   matplotlib
    #   vispy
lazy-loader==0.4
    # via scikit-image
markdown==3.6
    # via tensorboard
markdown-it-py==3.0.0
    # via
    #   mdit-py-plugins
    #   myst-parser
markupsafe==2.1.5
    # via
    #   jinja2
    #   werkzeug
matplotlib==3.9.0
    # via
    #   open3d
    #   seaborn
matplotlib-inline==0.1.7
    # via ipython
mdit-py-plugins==0.4.1
    # via myst-parser
mdurl==0.1.2
    # via markdown-it-py
meshcat==0.3.2
    # via -r requirements/base.in
mpmath==1.3.0
    # via sympy
mypy-extensions==1.0.0
    # via typing-inspect
myst-parser==3.0.1
    # via -r requirements/base.in
nbformat==5.10.4
    # via open3d
nest-asyncio==1.6.0
    # via dash
networkx==3.2.1
    # via
    #   scikit-image
    #   torch
    #   visdom
nodeenv==1.9.1
    # via pre-commit
numpy==1.26.3
    # via
    #   bokeh
    #   cmeel-boost
    #   contourpy
    #   imageio
    #   matplotlib
    #   meshcat
    #   open3d
    #   opencv-contrib-python
    #   opencv-python
    #   pandas
    #   plyfile
    #   pyquaternion
    #   scikit-image
    #   scikit-learn
    #   scipy
    #   seaborn
    #   tensorboard
    #   tifffile
    #   torchtnt
    #   torchvision
    #   transforms3d
    #   trimesh
    #   visdom
    #   vispy
    #   webdataset
    #   xarray
nvidia-cublas-cu12==12.1.3.1
    # via
    #   nvidia-cudnn-cu12
    #   nvidia-cusolver-cu12
    #   torch
nvidia-cuda-cupti-cu12==12.1.105
    # via torch
nvidia-cuda-nvrtc-cu12==12.1.105
    # via torch
nvidia-cuda-runtime-cu12==12.1.105
    # via torch
nvidia-cudnn-cu12==8.9.2.26
    # via torch
nvidia-cufft-cu12==11.0.2.54
    # via torch
nvidia-curand-cu12==10.3.2.106
    # via torch
nvidia-cusolver-cu12==11.4.5.107
    # via torch
nvidia-cusparse-cu12==12.1.0.106
    # via
    #   nvidia-cusolver-cu12
    #   torch
nvidia-nccl-cu12==2.20.5
    # via torch
nvidia-nvjitlink-cu12==12.1.105
    # via
    #   nvidia-cusolver-cu12
    #   nvidia-cusparse-cu12
nvidia-nvtx-cu12==12.1.105
    # via torch
omegaconf==2.3.0
    # via -r requirements/base.in
open3d==0.18.0
    # via -r requirements/base.in
opencv-contrib-python==4.10.0.84
    # via -r requirements/base.in
opencv-python==4.10.0.84
    # via -r requirements/base.in
outcome==1.3.0.post0
    # via trio
packaging==22.0
    # via
    #   bokeh
    #   lazy-loader
    #   matplotlib
    #   plotly
    #   pytest
    #   scikit-image
    #   sphinx
    #   torchtnt
    #   vispy
    #   xarray
panda3d==1.10.14
    # via -r requirements/base.in
pandas==2.2.2
    # via
    #   bokeh
    #   open3d
    #   seaborn
    #   xarray
parso==0.8.4
    # via jedi
pexpect==4.9.0
    # via ipython
pillow==10.2.0
    # via
    #   bokeh
    #   imageio
    #   matplotlib
    #   meshcat
    #   open3d
    #   scikit-image
    #   torchvision
    #   visdom
pin==2.7.0
    # via -r requirements/base.in
platformdirs==4.2.2
    # via
    #   jupyter-core
    #   virtualenv
plotly==5.22.0
    # via dash
pluggy==1.5.0
    # via pytest
plyfile==1.0.3
    # via -r requirements/base.in
pre-commit==3.7.1
    # via -r requirements/base.in
prompt-toolkit==3.0.47
    # via ipython
protobuf==4.25.3
    # via tensorboard
psutil==5.9.8
    # via torchtnt
ptyprocess==0.7.0
    # via pexpect
pure-eval==0.2.2
    # via stack-data
pybind11==2.12.0
    # via -r requirements/base.in
pybullet==3.2.6
    # via -r requirements/base.in
pygments==2.18.0
    # via
    #   ipython
    #   sphinx
pyngrok==7.1.6
    # via meshcat
pyopengl==3.1.0
    # via bop-toolkit-lib
pyparsing==3.1.2
    # via matplotlib
pypng==0.20220715.0
    # via
    #   -r requirements/base.in
    #   bop-toolkit-lib
pyquaternion==0.9.9
    # via open3d
pyre-extensions==0.0.30
    # via torchtnt
pysocks==1.7.1
    # via urllib3
pytest==8.2.2
    # via -r requirements/base.in
python-dateutil==2.9.0.post0
    # via
    #   matplotlib
    #   pandas
pytz==2024.1
    # via
    #   bop-toolkit-lib
    #   pandas
pyyaml==6.0.1
    # via
    #   -r requirements/base.in
    #   bokeh
    #   myst-parser
    #   omegaconf
    #   open3d
    #   pre-commit
    #   pyngrok
    #   webdataset
pyzmq==26.0.3
    # via meshcat
referencing==0.35.1
    # via
    #   jsonschema
    #   jsonschema-specifications
requests==2.28.1
    # via
    #   dash
    #   sphinx
    #   visdom
retrying==1.3.4
    # via dash
roma==1.5.0
    # via -r requirements/base.in
rpds-py==0.18.1
    # via
    #   jsonschema
    #   referencing
ruff==0.4.9
    # via -r requirements/base.in
scikit-image==0.23.2
    # via -r requirements/base.in
scikit-learn==1.5.0
    # via
    #   -r requirements/base.in
    #   open3d
scipy==1.13.1
    # via
    #   -r requirements/base.in
    #   scikit-image
    #   scikit-learn
    #   visdom
seaborn==0.13.2
    # via -r requirements/base.in
selenium==4.21.0
    # via -r requirements/base.in
setuptools==70.0.0
    # via
    #   dash
    #   tensorboard
    #   torchtnt
simplejson==3.19.2
    # via -r requirements/base.in
six==1.16.0
    # via
    #   asttokens
    #   python-dateutil
    #   retrying
    #   tensorboard
    #   torchnet
    #   visdom
sniffio==1.3.1
    # via
    #   anyio
    #   httpx
    #   trio
snowballstemmer==2.2.0
    # via sphinx
sortedcontainers==2.4.0
    # via trio
soupsieve==2.5
    # via beautifulsoup4
sphinx==7.3.7
    # via
    #   -r requirements/base.in
    #   myst-parser
sphinxcontrib-applehelp==1.0.8
    # via sphinx
sphinxcontrib-devhelp==1.0.6
    # via sphinx
sphinxcontrib-htmlhelp==2.0.5
    # via sphinx
sphinxcontrib-jsmath==1.0.1
    # via sphinx
sphinxcontrib-qthelp==1.0.7
    # via sphinx
sphinxcontrib-serializinghtml==1.1.10
    # via sphinx
stack-data==0.6.3
    # via ipython
sympy==1.12
    # via torch
tabulate==0.9.0
    # via torchtnt
tenacity==8.4.1
    # via plotly
tensorboard==2.17.0
    # via torchtnt
tensorboard-data-server==0.7.2
    # via tensorboard
threadpoolctl==3.5.0
    # via scikit-learn
tifffile==2024.5.22
    # via scikit-image
tomli==2.0.1
    # via
    #   cmeel
    #   coverage
    #   pytest
    #   sphinx
torch==2.3.0+cu121
    # via
    #   -r requirements/cu121.in
    #   torchaudio
    #   torchnet
    #   torchtnt
    #   torchvision
torchaudio==2.3.0+cu121
    # via -r requirements/cu121.in
torchnet==0.0.4
    # via -r requirements/base.in
torchtnt==0.2.4
    # via -r requirements/base.in
torchvision==0.18.0+cu121
    # via -r requirements/cu121.in
tornado==6.4.1
    # via
    #   bokeh
    #   meshcat
    #   visdom
tqdm==4.64.1
    # via
    #   -r requirements/base.in
    #   open3d
    #   torchtnt
traitlets==5.14.3
    # via
    #   comm
    #   ipython
    #   ipywidgets
    #   jupyter-core
    #   matplotlib-inline
    #   nbformat
transforms3d==0.4.2
    # via -r requirements/base.in
trimesh==4.4.1
    # via -r requirements/base.in
trio==0.25.1
    # via
    #   selenium
    #   trio-websocket
trio-websocket==0.11.1
    # via selenium
triton==2.3.0
    # via torch
typing-extensions==4.9.0
    # via
    #   anyio
    #   dash
    #   ipython
    #   pyre-extensions
    #   selenium
    #   torch
    #   torchtnt
    #   typing-inspect
typing-inspect==0.9.0
    # via pyre-extensions
tzdata==2024.1
    # via pandas
u-msgpack-python==2.8.0
    # via meshcat
urllib3==1.26.13
    # via
    #   requests
    #   selenium
virtualenv==20.26.2
    # via pre-commit
visdom==0.2.4
    # via torchnet
vispy==0.14.3
    # via bop-toolkit-lib
wcwidth==0.2.13
    # via prompt-toolkit
webdataset==0.2.86
    # via -r requirements/base.in
websocket-client==1.8.0
    # via visdom
werkzeug==3.0.3
    # via
    #   dash
    #   flask
    #   open3d
    #   tensorboard
widgetsnbextension==4.0.11
    # via ipywidgets
wsproto==1.2.0
    # via trio-websocket
xarray==2024.3.0
    # via -r requirements/base.in
xyzservices==2024.6.0
    # via bokeh
zipp==3.19.2
    # via importlib-metadata
